
Microsoft Visual Studio Solution File, Format Version 12.00
# Visual Studio 15
VisualStudioVersion = 15.0.26430.16
MinimumVisualStudioVersion = 10.0.40219.1
Project("{FAE04EC0-301F-11D3-BF4B-00C04F79EFBC}") = "ProyectoRequisiciones", "ProyectoRequisiciones\ProyectoRequisiciones.csproj", "{C08C7155-AFAB-4846-A9D7-04CECF0CAAAF}"
EndProject
Global
	GlobalSection(SolutionConfigurationPlatforms) = preSolution
		Debug|Any CPU = Debug|Any CPU
		Release|Any CPU = Release|Any CPU
	EndGlobalSection
	GlobalSection(ProjectConfigurationPlatforms) = postSolution
		{C08C7155-AFAB-4846-A9D7-04CECF0CAAAF}.Debug|Any CPU.ActiveCfg = Debug|Any CPU
		{C08C7155-AFAB-4846-A9D7-04CECF0CAAAF}.Debug|Any CPU.Build.0 = Debug|Any CPU
		{C08C7155-AFAB-4846-A9D7-04CECF0CAAAF}.Release|Any CPU.ActiveCfg = Release|Any CPU
		{C08C7155-AFAB-4846-A9D7-04CECF0CAAAF}.Release|Any CPU.Build.0 = Release|Any CPU
	EndGlobalSection
	GlobalSection(SolutionProperties) = preSolution
		HideSolutionNode = FALSE
	EndGlobalSection
EndGlobal
